{
  "name": "OnlineTutorFinder",
  "lockfileVersion": 3,
  "requires": true,
  "packages": {
    "": {
      "dependencies": {
        "luxon": "^3.6.1",
        "uploadthing": "^7.6.0"
      }
    },
    "node_modules/@effect/platform": {
      "version": "0.72.0",
      "resolved": "https://registry.npmjs.org/@effect/platform/-/platform-0.72.0.tgz",
      "integrity": "sha512-uHsW2hlo6AiIW3zpLAVAoNvJngS/JwCZBAM4RSRllm8JTgjjCraef78FJBDNnSXz+2a10Xzzx4qxVsP3s8EV5Q==",
      "license": "MIT",
      "dependencies": {
        "find-my-way-ts": "^0.1.5",
        "multipasta": "^0.2.5"
      },
      "peerDependencies": {
        "effect": "^3.12.0"
      }
    },
    "node_modules/@standard-schema/spec": {
      "version": "1.0.0-beta.4",
      "resolved": "https://registry.npmjs.org/@standard-schema/spec/-/spec-1.0.0-beta.4.tgz",
      "integrity": "sha512-d3IxtzLo7P1oZ8s8YNvxzBUXRXojSut8pbPrTYtzsc5sn4+53jVqbk66pQerSZbZSJZQux6LkclB/+8IDordHg==",
      "license": "MIT"
    },
    "node_modules/@uploadthing/mime-types": {
      "version": "0.3.4",
      "resolved": "https://registry.npmjs.org/@uploadthing/mime-types/-/mime-types-0.3.4.tgz",
      "integrity": "sha512-EB0o0a4y++UJFMLqS8LDVhSQgXUllG6t5fwl5cbmOM0Uay8YY5Nc/JjFwzJ8wccdIKz4oYwQW7EOSfUyaMPbfw==",
      "license": "MIT"
    },
    "node_modules/@uploadthing/shared": {
      "version": "7.1.7",
      "resolved": "https://registry.npmjs.org/@uploadthing/shared/-/shared-7.1.7.tgz",
      "integrity": "sha512-VDvGmyHhdwaivC+eee77yZnOVvz59mOmLVbcuYFo4SkoNvPuc3AyPORqJJMBveQivTvELdrQcjlx6IPv98JkSA==",
      "license": "MIT",
      "dependencies": {
        "@uploadthing/mime-types": "0.3.4",
        "effect": "3.12.0",
        "sqids": "^0.3.0"
      }
    },
    "node_modules/effect": {
      "version": "3.12.0",
      "resolved": "https://registry.npmjs.org/effect/-/effect-3.12.0.tgz",
      "integrity": "sha512-b/u9s3b9HfTo0qygVouegP0hkbiuxRIeaCe1ppf8P88hPyl6lKCbErtn7Az4jG7LuU7f0Wgm4c8WXbMcL2j8+g==",
      "license": "MIT",
      "dependencies": {
        "fast-check": "^3.23.1"
      }
    },
    "node_modules/fast-check": {
      "version": "3.23.2",
      "resolved": "https://registry.npmjs.org/fast-check/-/fast-check-3.23.2.tgz",
      "integrity": "sha512-h5+1OzzfCC3Ef7VbtKdcv7zsstUQwUDlYpUTvjeUsJAssPgLn7QzbboPtL5ro04Mq0rPOsMzl7q5hIbRs2wD1A==",
      "funding": [
        {
          "type": "individual",
          "url": "https://github.com/sponsors/dubzzz"
        },
        {
          "type": "opencollective",
          "url": "https://opencollective.com/fast-check"
        }
      ],
      "license": "MIT",
      "dependencies": {
        "pure-rand": "^6.1.0"
      },
      "engines": {
        "node": ">=8.0.0"
      }
    },
    "node_modules/find-my-way-ts": {
      "version": "0.1.5",
      "resolved": "https://registry.npmjs.org/find-my-way-ts/-/find-my-way-ts-0.1.5.tgz",
      "integrity": "sha512-4GOTMrpGQVzsCH2ruUn2vmwzV/02zF4q+ybhCIrw/Rkt3L8KWcycdC6aJMctJzwN4fXD4SD5F/4B9Sksh5rE0A==",
      "license": "MIT"
    },
    "node_modules/luxon": {
      "version": "3.6.1",
      "resolved": "https://registry.npmjs.org/luxon/-/luxon-3.6.1.tgz",
      "integrity": "sha512-tJLxrKJhO2ukZ5z0gyjY1zPh3Rh88Ej9P7jNrZiHMUXHae1yvI2imgOZtL1TO8TW6biMMKfTtAOoEJANgtWBMQ==",
      "license": "MIT",
      "engines": {
        "node": ">=12"
      }
    },
    "node_modules/multipasta": {
      "version": "0.2.5",
      "resolved": "https://registry.npmjs.org/multipasta/-/multipasta-0.2.5.tgz",
      "integrity": "sha512-c8eMDb1WwZcE02WVjHoOmUVk7fnKU/RmUcosHACglrWAuPQsEJv+E8430sXj6jNc1jHw0zrS16aCjQh4BcEb4A==",
      "license": "MIT"
    },
    "node_modules/pure-rand": {
      "version": "6.1.0",
      "resolved": "https://registry.npmjs.org/pure-rand/-/pure-rand-6.1.0.tgz",
      "integrity": "sha512-bVWawvoZoBYpp6yIoQtQXHZjmz35RSVHnUOTefl8Vcjr8snTPY1wnpSPMWekcFwbxI6gtmT7rSYPFvz71ldiOA==",
      "funding": [
        {
          "type": "individual",
          "url": "https://github.com/sponsors/dubzzz"
        },
        {
          "type": "opencollective",
          "url": "https://opencollective.com/fast-check"
        }
      ],
      "license": "MIT"
    },
    "node_modules/sqids": {
      "version": "0.3.0",
      "resolved": "https://registry.npmjs.org/sqids/-/sqids-0.3.0.tgz",
      "integrity": "sha512-lOQK1ucVg+W6n3FhRwwSeUijxe93b51Bfz5PMRMihVf1iVkl82ePQG7V5vwrhzB11v0NtsR25PSZRGiSomJaJw==",
      "license": "MIT"
    },
    "node_modules/uploadthing": {
      "version": "7.6.0",
      "resolved": "https://registry.npmjs.org/uploadthing/-/uploadthing-7.6.0.tgz",
      "integrity": "sha512-vNrIsRCxgmUEFTOX9bMVK+EKcVvyQR6HI63YGSKI1FMjWYxBVFM8nLWFZE68vTgdWmlvx017kQP2MG4eZPXtfw==",
      "license": "MIT",
      "dependencies": {
        "@effect/platform": "0.72.0",
        "@standard-schema/spec": "1.0.0-beta.4",
        "@uploadthing/mime-types": "0.3.4",
        "@uploadthing/shared": "7.1.7",
        "effect": "3.12.0"
      },
      "engines": {
        "node": ">=18.13.0"
      },
      "peerDependencies": {
        "express": "*",
        "h3": "*",
        "tailwindcss": "^3.0.0 || ^4.0.0-beta.0"
      },
      "peerDependenciesMeta": {
        "express": {
          "optional": true
        },
        "fastify": {
          "optional": true
        },
        "h3": {
          "optional": true
        },
        "next": {
          "optional": true
        },
        "tailwindcss": {
          "optional": true
        }
      }
    }
  }
}
